
Microsoft Visual Studio Solution File, Format Version 12.00
# Visual Studio Version 16
VisualStudioVersion = 16.0.29609.76
MinimumVisualStudioVersion = 10.0.40219.1
Project("{FAE04EC0-301F-11D3-BF4B-00C04F79EFBC}") = "1021", "1021\1021.csproj", "{95745F5D-3797-48FA-823B-B69E46749FED}"
EndProject
Global
	GlobalSection(SolutionConfigurationPlatforms) = preSolution
		Debug|Any CPU = Debug|Any CPU
		Release|Any CPU = Release|Any CPU
	EndGlobalSection
	GlobalSection(ProjectConfigurationPlatforms) = postSolution
		{95745F5D-3797-48FA-823B-B69E46749FED}.Debug|Any CPU.ActiveCfg = Debug|Any CPU
		{95745F5D-3797-48FA-823B-B69E46749FED}.Debug|Any CPU.Build.0 = Debug|Any CPU
		{95745F5D-3797-48FA-823B-B69E46749FED}.Release|Any CPU.ActiveCfg = Release|Any CPU
		{95745F5D-3797-48FA-823B-B69E46749FED}.Release|Any CPU.Build.0 = Release|Any CPU
	EndGlobalSection
	GlobalSection(SolutionProperties) = preSolution
		HideSolutionNode = FALSE
	EndGlobalSection
	GlobalSection(ExtensibilityGlobals) = postSolution
		SolutionGuid = {C409A8C8-EF88-4B13-84EC-535F8566A57E}
	EndGlobalSection
EndGlobal
