
Microsoft Visual Studio Solution File, Format Version 12.00
# Visual Studio Version 16
VisualStudioVersion = 16.0.29609.76
MinimumVisualStudioVersion = 10.0.40219.1
Project("{FAE04EC0-301F-11D3-BF4B-00C04F79EFBC}") = "1016", "1016\1016.csproj", "{BE698903-E091-4D7F-8123-8754146DAB0D}"
EndProject
Global
	GlobalSection(SolutionConfigurationPlatforms) = preSolution
		Debug|Any CPU = Debug|Any CPU
		Release|Any CPU = Release|Any CPU
	EndGlobalSection
	GlobalSection(ProjectConfigurationPlatforms) = postSolution
		{BE698903-E091-4D7F-8123-8754146DAB0D}.Debug|Any CPU.ActiveCfg = Debug|Any CPU
		{BE698903-E091-4D7F-8123-8754146DAB0D}.Debug|Any CPU.Build.0 = Debug|Any CPU
		{BE698903-E091-4D7F-8123-8754146DAB0D}.Release|Any CPU.ActiveCfg = Release|Any CPU
		{BE698903-E091-4D7F-8123-8754146DAB0D}.Release|Any CPU.Build.0 = Release|Any CPU
	EndGlobalSection
	GlobalSection(SolutionProperties) = preSolution
		HideSolutionNode = FALSE
	EndGlobalSection
	GlobalSection(ExtensibilityGlobals) = postSolution
		SolutionGuid = {AA736896-FE23-4887-A6FB-90BFBDD5E8A3}
	EndGlobalSection
EndGlobal
